// !$*UTF8*$!
{
	archiveVersion = 1;
	classes = {
	};
	objectVersion = 50;
	objects = {

/* Begin PBXBuildFile section */
		3405FBEF2505DEF4002472E7 /* EDCView.swift in Sources */ = {isa = PBXBuildFile; fileRef = 3405FBEE2505DEF4002472E7 /* EDCView.swift */; };
		3405FBF12505DF42002472E7 /* inkView.swift in Sources */ = {isa = PBXBuildFile; fileRef = 3405FBF02505DF42002472E7 /* inkView.swift */; };
		3410E15C2505E25B00FC1ED5 /* notepadView.swift in Sources */ = {isa = PBXBuildFile; fileRef = 3410E15B2505E25B00FC1ED5 /* notepadView.swift */; };
		3410E15E25072F2400FC1ED5 /* populateDatabase.swift in Sources */ = {isa = PBXBuildFile; fileRef = 3410E15D25072F2400FC1ED5 /* populateDatabase.swift */; };
		3410E16025072F4A00FC1ED5 /* decodesClass.swift in Sources */ = {isa = PBXBuildFile; fileRef = 3410E15F25072F4900FC1ED5 /* decodesClass.swift */; };
		3440FF2A24551C2900528D32 /* ManufacturersListView.swift in Sources */ = {isa = PBXBuildFile; fileRef = 3440FF2924551C2900528D32 /* ManufacturersListView.swift */; };
		3463D21D242ED07E005B5D45 /* selectInkView.swift in Sources */ = {isa = PBXBuildFile; fileRef = 3463D21C242ED07E005B5D45 /* selectInkView.swift */; };
		346E12792424A8CF0077B04A /* AppDelegate.swift in Sources */ = {isa = PBXBuildFile; fileRef = 346E12782424A8CF0077B04A /* AppDelegate.swift */; };
		346E127B2424A8CF0077B04A /* SceneDelegate.swift in Sources */ = {isa = PBXBuildFile; fileRef = 346E127A2424A8CF0077B04A /* SceneDelegate.swift */; };
		346E127E2424A8CF0077B04A /* PenList.xcdatamodeld in Sources */ = {isa = PBXBuildFile; fileRef = 346E127C2424A8CF0077B04A /* PenList.xcdatamodeld */; };
		346E12802424A8CF0077B04A /* ContentView.swift in Sources */ = {isa = PBXBuildFile; fileRef = 346E127F2424A8CF0077B04A /* ContentView.swift */; };
		346E12822424A8D00077B04A /* Assets.xcassets in Resources */ = {isa = PBXBuildFile; fileRef = 346E12812424A8D00077B04A /* Assets.xcassets */; };
		346E12852424A8D00077B04A /* Preview Assets.xcassets in Resources */ = {isa = PBXBuildFile; fileRef = 346E12842424A8D00077B04A /* Preview Assets.xcassets */; };
		346E12882424A8D00077B04A /* LaunchScreen.storyboard in Resources */ = {isa = PBXBuildFile; fileRef = 346E12862424A8D00077B04A /* LaunchScreen.storyboard */; };
		346E3C0A24A6B33700034B2B /* PickerDateView.swift in Sources */ = {isa = PBXBuildFile; fileRef = 346E3C0924A6B33700034B2B /* PickerDateView.swift */; };
		3482AB90244BEA7D00815EAE /* toBuyEditView.swift in Sources */ = {isa = PBXBuildFile; fileRef = 3482AB8F244BEA7D00815EAE /* toBuyEditView.swift */; };
		34872BD22424ADBD004270DD /* CloudKit.framework in Frameworks */ = {isa = PBXBuildFile; fileRef = 34872BD12424ADBD004270DD /* CloudKit.framework */; };
		349848E0244A9807004FC850 /* penDimensionView.swift in Sources */ = {isa = PBXBuildFile; fileRef = 349848DF244A9807004FC850 /* penDimensionView.swift */; };
		349848E2244BE7A2004FC850 /* toBuyView.swift in Sources */ = {isa = PBXBuildFile; fileRef = 349848E1244BE7A2004FC850 /* toBuyView.swift */; };
		349D8E13243981B200BC0CBB /* carryListiPadView.swift in Sources */ = {isa = PBXBuildFile; fileRef = 349D8E12243981B200BC0CBB /* carryListiPadView.swift */; };
		34A47FB62424B40B008D5C98 /* CloudKitInteraction.swift in Sources */ = {isa = PBXBuildFile; fileRef = 34A47FB52424B40B008D5C98 /* CloudKitInteraction.swift */; };
		34A47FB92424B486008D5C98 /* UserInfo.swift in Sources */ = {isa = PBXBuildFile; fileRef = 34A47FB82424B486008D5C98 /* UserInfo.swift */; };
		34A47FBD2424B51C008D5C98 /* EvesCRMSharedFiles.swift in Sources */ = {isa = PBXBuildFile; fileRef = 34A47FBB2424B51C008D5C98 /* EvesCRMSharedFiles.swift */; };
		34A47FBE2424B51C008D5C98 /* extensions.swift in Sources */ = {isa = PBXBuildFile; fileRef = 34A47FBC2424B51C008D5C98 /* extensions.swift */; };
		34A47FC02424B562008D5C98 /* ActivityViewController.swift in Sources */ = {isa = PBXBuildFile; fileRef = 34A47FBF2424B562008D5C98 /* ActivityViewController.swift */; };
		34A47FC22424B5E5008D5C98 /* manufacturerClass.swift in Sources */ = {isa = PBXBuildFile; fileRef = 34A47FC12424B5E5008D5C98 /* manufacturerClass.swift */; };
		34A47FC92424C1D3008D5C98 /* manufacturerView.swift in Sources */ = {isa = PBXBuildFile; fileRef = 34A47FC82424C1D3008D5C98 /* manufacturerView.swift */; };
		34A47FCB242594B3008D5C98 /* currentUseClass.swift in Sources */ = {isa = PBXBuildFile; fileRef = 34A47FCA242594B3008D5C98 /* currentUseClass.swift */; };
		34A47FCD242594CC008D5C98 /* inkClass.swift in Sources */ = {isa = PBXBuildFile; fileRef = 34A47FCC242594CC008D5C98 /* inkClass.swift */; };
		34A47FCF242594DB008D5C98 /* myInkClass.swift in Sources */ = {isa = PBXBuildFile; fileRef = 34A47FCE242594DB008D5C98 /* myInkClass.swift */; };
		34A47FD3242594FE008D5C98 /* myPenClass.swift in Sources */ = {isa = PBXBuildFile; fileRef = 34A47FD2242594FE008D5C98 /* myPenClass.swift */; };
		34A47FD72425951F008D5C98 /* penClass.swift in Sources */ = {isa = PBXBuildFile; fileRef = 34A47FD62425951F008D5C98 /* penClass.swift */; };
		34A47FD924259535008D5C98 /* toBuyClass.swift in Sources */ = {isa = PBXBuildFile; fileRef = 34A47FD824259535008D5C98 /* toBuyClass.swift */; };
		34A47FDD24261CCD008D5C98 /* PenListShared.swift in Sources */ = {isa = PBXBuildFile; fileRef = 34A47FDC24261CCD008D5C98 /* PenListShared.swift */; };
		34A47FDF2426FBD1008D5C98 /* penDetails.swift in Sources */ = {isa = PBXBuildFile; fileRef = 34A47FDE2426FBD1008D5C98 /* penDetails.swift */; };
		34A47FE12426FBE1008D5C98 /* inkDetails.swift in Sources */ = {isa = PBXBuildFile; fileRef = 34A47FE02426FBE1008D5C98 /* inkDetails.swift */; };
		34A47FE32426FF9A008D5C98 /* mainWorkingVariables.swift in Sources */ = {isa = PBXBuildFile; fileRef = 34A47FE22426FF9A008D5C98 /* mainWorkingVariables.swift */; };
		34A47FE7242707C5008D5C98 /* pickerView.swift in Sources */ = {isa = PBXBuildFile; fileRef = 34A47FE6242707C5008D5C98 /* pickerView.swift */; };
		34A47FE9242722AD008D5C98 /* myPenView.swift in Sources */ = {isa = PBXBuildFile; fileRef = 34A47FE8242722AD008D5C98 /* myPenView.swift */; };
		34A47FEB242722BD008D5C98 /* myInkView.swift in Sources */ = {isa = PBXBuildFile; fileRef = 34A47FEA242722BD008D5C98 /* myInkView.swift */; };
		34A47FED2427264D008D5C98 /* selectPenView.swift in Sources */ = {isa = PBXBuildFile; fileRef = 34A47FEC2427264D008D5C98 /* selectPenView.swift */; };
		34B1374924D65C26005AF7CF /* aboutScreenView.swift in Sources */ = {isa = PBXBuildFile; fileRef = 34B1374824D65C26005AF7CF /* aboutScreenView.swift */; };
		34D00F7E24B959D800D93F42 /* notepadClass.swift in Sources */ = {isa = PBXBuildFile; fileRef = 34D00F7D24B959D800D93F42 /* notepadClass.swift */; };
		34D00F8024B95C6400D93F42 /* myNotePads.swift in Sources */ = {isa = PBXBuildFile; fileRef = 34D00F7F24B95C6400D93F42 /* myNotePads.swift */; };
		34D00F8224BAA06400D93F42 /* notepadDetailsView.swift in Sources */ = {isa = PBXBuildFile; fileRef = 34D00F8124BAA06400D93F42 /* notepadDetailsView.swift */; };
		34D00F8424BAA1FC00D93F42 /* myNotepadView.swift in Sources */ = {isa = PBXBuildFile; fileRef = 34D00F8324BAA1FC00D93F42 /* myNotepadView.swift */; };
		34D00F8624BAA8E700D93F42 /* selectNotepadView.swift in Sources */ = {isa = PBXBuildFile; fileRef = 34D00F8524BAA8E700D93F42 /* selectNotepadView.swift */; };
		34EDAEA92441344100234C64 /* EDCReviewView.swift in Sources */ = {isa = PBXBuildFile; fileRef = 34EDAEA82441344100234C64 /* EDCReviewView.swift */; };
		34EDAEAB244137CF00234C64 /* RatingView.swift in Sources */ = {isa = PBXBuildFile; fileRef = 34EDAEAA244137CF00234C64 /* RatingView.swift */; };
		34EDAEB12441487900234C64 /* KeyboardHeightPublisher.swift in Sources */ = {isa = PBXBuildFile; fileRef = 34EDAEB02441487900234C64 /* KeyboardHeightPublisher.swift */; };
		34EDAEB32442A03B00234C64 /* PhotoImportView.swift in Sources */ = {isa = PBXBuildFile; fileRef = 34EDAEB22442A03B00234C64 /* PhotoImportView.swift */; };
		34EDAEB52442AE5F00234C64 /* penImageClass.swift in Sources */ = {isa = PBXBuildFile; fileRef = 34EDAEB42442AE5F00234C64 /* penImageClass.swift */; };
		34EDAEB72442BDED00234C64 /* myPenImagesView.swift in Sources */ = {isa = PBXBuildFile; fileRef = 34EDAEB62442BDED00234C64 /* myPenImagesView.swift */; };
		34EDAEB92443F27900234C64 /* myInkPhotosView.swift in Sources */ = {isa = PBXBuildFile; fileRef = 34EDAEB82443F27900234C64 /* myInkPhotosView.swift */; };
/* End PBXBuildFile section */

/* Begin PBXFileReference section */
		3405FBEE2505DEF4002472E7 /* EDCView.swift */ = {isa = PBXFileReference; lastKnownFileType = sourcecode.swift; path = EDCView.swift; sourceTree = "<group>"; };
		3405FBF02505DF42002472E7 /* inkView.swift */ = {isa = PBXFileReference; lastKnownFileType = sourcecode.swift; path = inkView.swift; sourceTree = "<group>"; };
		3410E15B2505E25B00FC1ED5 /* notepadView.swift */ = {isa = PBXFileReference; lastKnownFileType = sourcecode.swift; path = notepadView.swift; sourceTree = "<group>"; };
		3410E15D25072F2400FC1ED5 /* populateDatabase.swift */ = {isa = PBXFileReference; lastKnownFileType = sourcecode.swift; path = populateDatabase.swift; sourceTree = "<group>"; };
		3410E15F25072F4900FC1ED5 /* decodesClass.swift */ = {isa = PBXFileReference; lastKnownFileType = sourcecode.swift; path = decodesClass.swift; sourceTree = "<group>"; };
		3440FF2924551C2900528D32 /* ManufacturersListView.swift */ = {isa = PBXFileReference; lastKnownFileType = sourcecode.swift; path = ManufacturersListView.swift; sourceTree = "<group>"; };
		3463D21C242ED07E005B5D45 /* selectInkView.swift */ = {isa = PBXFileReference; lastKnownFileType = sourcecode.swift; path = selectInkView.swift; sourceTree = "<group>"; };
		346E12752424A8CE0077B04A /* PenList.app */ = {isa = PBXFileReference; explicitFileType = wrapper.application; includeInIndex = 0; path = PenList.app; sourceTree = BUILT_PRODUCTS_DIR; };
		346E12782424A8CF0077B04A /* AppDelegate.swift */ = {isa = PBXFileReference; lastKnownFileType = sourcecode.swift; path = AppDelegate.swift; sourceTree = "<group>"; };
		346E127A2424A8CF0077B04A /* SceneDelegate.swift */ = {isa = PBXFileReference; lastKnownFileType = sourcecode.swift; path = SceneDelegate.swift; sourceTree = "<group>"; };
		346E127D2424A8CF0077B04A /* PenList.xcdatamodel */ = {isa = PBXFileReference; lastKnownFileType = wrapper.xcdatamodel; path = PenList.xcdatamodel; sourceTree = "<group>"; };
		346E127F2424A8CF0077B04A /* ContentView.swift */ = {isa = PBXFileReference; lastKnownFileType = sourcecode.swift; path = ContentView.swift; sourceTree = "<group>"; };
		346E12812424A8D00077B04A /* Assets.xcassets */ = {isa = PBXFileReference; lastKnownFileType = folder.assetcatalog; path = Assets.xcassets; sourceTree = "<group>"; };
		346E12842424A8D00077B04A /* Preview Assets.xcassets */ = {isa = PBXFileReference; lastKnownFileType = folder.assetcatalog; path = "Preview Assets.xcassets"; sourceTree = "<group>"; };
		346E12872424A8D00077B04A /* Base */ = {isa = PBXFileReference; lastKnownFileType = file.storyboard; name = Base; path = Base.lproj/LaunchScreen.storyboard; sourceTree = "<group>"; };
		346E12892424A8D00077B04A /* Info.plist */ = {isa = PBXFileReference; lastKnownFileType = text.plist.xml; path = Info.plist; sourceTree = "<group>"; };
		346E128F2424A8DF0077B04A /* PenList.entitlements */ = {isa = PBXFileReference; lastKnownFileType = text.plist.entitlements; path = PenList.entitlements; sourceTree = "<group>"; };
		346E3C0924A6B33700034B2B /* PickerDateView.swift */ = {isa = PBXFileReference; lastKnownFileType = sourcecode.swift; path = PickerDateView.swift; sourceTree = "<group>"; };
		3482AB8F244BEA7D00815EAE /* toBuyEditView.swift */ = {isa = PBXFileReference; lastKnownFileType = sourcecode.swift; path = toBuyEditView.swift; sourceTree = "<group>"; };
		34872BD12424ADBD004270DD /* CloudKit.framework */ = {isa = PBXFileReference; lastKnownFileType = wrapper.framework; name = CloudKit.framework; path = System/Library/Frameworks/CloudKit.framework; sourceTree = SDKROOT; };
		349848DF244A9807004FC850 /* penDimensionView.swift */ = {isa = PBXFileReference; lastKnownFileType = sourcecode.swift; path = penDimensionView.swift; sourceTree = "<group>"; };
		349848E1244BE7A2004FC850 /* toBuyView.swift */ = {isa = PBXFileReference; lastKnownFileType = sourcecode.swift; path = toBuyView.swift; sourceTree = "<group>"; };
		349D8E12243981B200BC0CBB /* carryListiPadView.swift */ = {isa = PBXFileReference; lastKnownFileType = sourcecode.swift; path = carryListiPadView.swift; sourceTree = "<group>"; };
		34A47FB52424B40B008D5C98 /* CloudKitInteraction.swift */ = {isa = PBXFileReference; fileEncoding = 4; lastKnownFileType = sourcecode.swift; path = CloudKitInteraction.swift; sourceTree = "<group>"; };
		34A47FB82424B486008D5C98 /* UserInfo.swift */ = {isa = PBXFileReference; fileEncoding = 4; lastKnownFileType = sourcecode.swift; name = UserInfo.swift; path = PenList/UserInfo.swift; sourceTree = SOURCE_ROOT; };
		34A47FBB2424B51C008D5C98 /* EvesCRMSharedFiles.swift */ = {isa = PBXFileReference; fileEncoding = 4; lastKnownFileType = sourcecode.swift; name = EvesCRMSharedFiles.swift; path = PenList/EvesCRMSharedFiles.swift; sourceTree = SOURCE_ROOT; };
		34A47FBC2424B51C008D5C98 /* extensions.swift */ = {isa = PBXFileReference; fileEncoding = 4; lastKnownFileType = sourcecode.swift; name = extensions.swift; path = PenList/extensions.swift; sourceTree = SOURCE_ROOT; };
		34A47FBF2424B562008D5C98 /* ActivityViewController.swift */ = {isa = PBXFileReference; fileEncoding = 4; lastKnownFileType = sourcecode.swift; name = ActivityViewController.swift; path = PenList/ActivityViewController.swift; sourceTree = SOURCE_ROOT; };
		34A47FC12424B5E5008D5C98 /* manufacturerClass.swift */ = {isa = PBXFileReference; lastKnownFileType = sourcecode.swift; path = manufacturerClass.swift; sourceTree = "<group>"; };
		34A47FC82424C1D3008D5C98 /* manufacturerView.swift */ = {isa = PBXFileReference; lastKnownFileType = sourcecode.swift; path = manufacturerView.swift; sourceTree = "<group>"; };
		34A47FCA242594B3008D5C98 /* currentUseClass.swift */ = {isa = PBXFileReference; lastKnownFileType = sourcecode.swift; path = currentUseClass.swift; sourceTree = "<group>"; };
		34A47FCC242594CC008D5C98 /* inkClass.swift */ = {isa = PBXFileReference; lastKnownFileType = sourcecode.swift; path = inkClass.swift; sourceTree = "<group>"; };
		34A47FCE242594DB008D5C98 /* myInkClass.swift */ = {isa = PBXFileReference; lastKnownFileType = sourcecode.swift; path = myInkClass.swift; sourceTree = "<group>"; };
		34A47FD2242594FE008D5C98 /* myPenClass.swift */ = {isa = PBXFileReference; lastKnownFileType = sourcecode.swift; path = myPenClass.swift; sourceTree = "<group>"; };
		34A47FD62425951F008D5C98 /* penClass.swift */ = {isa = PBXFileReference; lastKnownFileType = sourcecode.swift; path = penClass.swift; sourceTree = "<group>"; };
		34A47FD824259535008D5C98 /* toBuyClass.swift */ = {isa = PBXFileReference; lastKnownFileType = sourcecode.swift; path = toBuyClass.swift; sourceTree = "<group>"; };
		34A47FDC24261CCD008D5C98 /* PenListShared.swift */ = {isa = PBXFileReference; lastKnownFileType = sourcecode.swift; path = PenListShared.swift; sourceTree = "<group>"; };
		34A47FDE2426FBD1008D5C98 /* penDetails.swift */ = {isa = PBXFileReference; lastKnownFileType = sourcecode.swift; path = penDetails.swift; sourceTree = "<group>"; };
		34A47FE02426FBE1008D5C98 /* inkDetails.swift */ = {isa = PBXFileReference; lastKnownFileType = sourcecode.swift; path = inkDetails.swift; sourceTree = "<group>"; };
		34A47FE22426FF9A008D5C98 /* mainWorkingVariables.swift */ = {isa = PBXFileReference; lastKnownFileType = sourcecode.swift; path = mainWorkingVariables.swift; sourceTree = "<group>"; };
		34A47FE6242707C5008D5C98 /* pickerView.swift */ = {isa = PBXFileReference; fileEncoding = 4; lastKnownFileType = sourcecode.swift; path = pickerView.swift; sourceTree = "<group>"; };
		34A47FE8242722AD008D5C98 /* myPenView.swift */ = {isa = PBXFileReference; lastKnownFileType = sourcecode.swift; path = myPenView.swift; sourceTree = "<group>"; };
		34A47FEA242722BD008D5C98 /* myInkView.swift */ = {isa = PBXFileReference; lastKnownFileType = sourcecode.swift; path = myInkView.swift; sourceTree = "<group>"; };
		34A47FEC2427264D008D5C98 /* selectPenView.swift */ = {isa = PBXFileReference; lastKnownFileType = sourcecode.swift; path = selectPenView.swift; sourceTree = "<group>"; };
		34B1374824D65C26005AF7CF /* aboutScreenView.swift */ = {isa = PBXFileReference; lastKnownFileType = sourcecode.swift; path = aboutScreenView.swift; sourceTree = "<group>"; };
		34D00F7D24B959D800D93F42 /* notepadClass.swift */ = {isa = PBXFileReference; lastKnownFileType = sourcecode.swift; path = notepadClass.swift; sourceTree = "<group>"; };
		34D00F7F24B95C6400D93F42 /* myNotePads.swift */ = {isa = PBXFileReference; lastKnownFileType = sourcecode.swift; path = myNotePads.swift; sourceTree = "<group>"; };
		34D00F8124BAA06400D93F42 /* notepadDetailsView.swift */ = {isa = PBXFileReference; lastKnownFileType = sourcecode.swift; path = notepadDetailsView.swift; sourceTree = "<group>"; };
		34D00F8324BAA1FC00D93F42 /* myNotepadView.swift */ = {isa = PBXFileReference; lastKnownFileType = sourcecode.swift; path = myNotepadView.swift; sourceTree = "<group>"; };
		34D00F8524BAA8E700D93F42 /* selectNotepadView.swift */ = {isa = PBXFileReference; lastKnownFileType = sourcecode.swift; path = selectNotepadView.swift; sourceTree = "<group>"; };
		34EDAEA82441344100234C64 /* EDCReviewView.swift */ = {isa = PBXFileReference; lastKnownFileType = sourcecode.swift; path = EDCReviewView.swift; sourceTree = "<group>"; };
		34EDAEAA244137CF00234C64 /* RatingView.swift */ = {isa = PBXFileReference; lastKnownFileType = sourcecode.swift; path = RatingView.swift; sourceTree = "<group>"; };
		34EDAEB02441487900234C64 /* KeyboardHeightPublisher.swift */ = {isa = PBXFileReference; lastKnownFileType = sourcecode.swift; path = KeyboardHeightPublisher.swift; sourceTree = "<group>"; };
		34EDAEB22442A03B00234C64 /* PhotoImportView.swift */ = {isa = PBXFileReference; lastKnownFileType = sourcecode.swift; path = PhotoImportView.swift; sourceTree = "<group>"; };
		34EDAEB42442AE5F00234C64 /* penImageClass.swift */ = {isa = PBXFileReference; lastKnownFileType = sourcecode.swift; path = penImageClass.swift; sourceTree = "<group>"; };
		34EDAEB62442BDED00234C64 /* myPenImagesView.swift */ = {isa = PBXFileReference; lastKnownFileType = sourcecode.swift; path = myPenImagesView.swift; sourceTree = "<group>"; };
		34EDAEB82443F27900234C64 /* myInkPhotosView.swift */ = {isa = PBXFileReference; lastKnownFileType = sourcecode.swift; path = myInkPhotosView.swift; sourceTree = "<group>"; };
/* End PBXFileReference section */

/* Begin PBXFrameworksBuildPhase section */
		346E12722424A8CE0077B04A /* Frameworks */ = {
			isa = PBXFrameworksBuildPhase;
			buildActionMask = 2147483647;
			files = (
				34872BD22424ADBD004270DD /* CloudKit.framework in Frameworks */,
			);
			runOnlyForDeploymentPostprocessing = 0;
		};
/* End PBXFrameworksBuildPhase section */

/* Begin PBXGroup section */
		346E126C2424A8CE0077B04A = {
			isa = PBXGroup;
			children = (
				346E12772424A8CE0077B04A /* PenList */,
				346E12762424A8CE0077B04A /* Products */,
				34872BD02424ADBD004270DD /* Frameworks */,
			);
			sourceTree = "<group>";
		};
		346E12762424A8CE0077B04A /* Products */ = {
			isa = PBXGroup;
			children = (
				346E12752424A8CE0077B04A /* PenList.app */,
			);
			name = Products;
			sourceTree = "<group>";
		};
		346E12772424A8CE0077B04A /* PenList */ = {
			isa = PBXGroup;
			children = (
				346E127F2424A8CF0077B04A /* ContentView.swift */,
				34A47FC32424C183008D5C98 /* Views */,
				34A47FBA2424B50B008D5C98 /* Classes */,
				34A47FB72424B471008D5C98 /* Database */,
				346E128F2424A8DF0077B04A /* PenList.entitlements */,
				346E12782424A8CF0077B04A /* AppDelegate.swift */,
				346E127A2424A8CF0077B04A /* SceneDelegate.swift */,
				346E12812424A8D00077B04A /* Assets.xcassets */,
				346E12862424A8D00077B04A /* LaunchScreen.storyboard */,
				346E12892424A8D00077B04A /* Info.plist */,
				346E127C2424A8CF0077B04A /* PenList.xcdatamodeld */,
				346E12832424A8D00077B04A /* Preview Content */,
			);
			path = PenList;
			sourceTree = "<group>";
		};
		346E12832424A8D00077B04A /* Preview Content */ = {
			isa = PBXGroup;
			children = (
				346E12842424A8D00077B04A /* Preview Assets.xcassets */,
			);
			path = "Preview Content";
			sourceTree = "<group>";
		};
		34872BD02424ADBD004270DD /* Frameworks */ = {
			isa = PBXGroup;
			children = (
				34872BD12424ADBD004270DD /* CloudKit.framework */,
			);
			name = Frameworks;
			sourceTree = "<group>";
		};
		34A47FB72424B471008D5C98 /* Database */ = {
			isa = PBXGroup;
			children = (
				34A47FB82424B486008D5C98 /* UserInfo.swift */,
				34A47FB52424B40B008D5C98 /* CloudKitInteraction.swift */,
				3410E15D25072F2400FC1ED5 /* populateDatabase.swift */,
			);
			path = Database;
			sourceTree = "<group>";
		};
		34A47FBA2424B50B008D5C98 /* Classes */ = {
			isa = PBXGroup;
			children = (
				34A47FBF2424B562008D5C98 /* ActivityViewController.swift */,
				34A47FCA242594B3008D5C98 /* currentUseClass.swift */,
				34A47FBB2424B51C008D5C98 /* EvesCRMSharedFiles.swift */,
				34A47FBC2424B51C008D5C98 /* extensions.swift */,
				34A47FCC242594CC008D5C98 /* inkClass.swift */,
				34A47FE22426FF9A008D5C98 /* mainWorkingVariables.swift */,
				34A47FC12424B5E5008D5C98 /* manufacturerClass.swift */,
				34A47FCE242594DB008D5C98 /* myInkClass.swift */,
				34D00F7F24B95C6400D93F42 /* myNotePads.swift */,
				34A47FD2242594FE008D5C98 /* myPenClass.swift */,
				34D00F7D24B959D800D93F42 /* notepadClass.swift */,
				34A47FD62425951F008D5C98 /* penClass.swift */,
				34EDAEB42442AE5F00234C64 /* penImageClass.swift */,
				34A47FDC24261CCD008D5C98 /* PenListShared.swift */,
				34A47FD824259535008D5C98 /* toBuyClass.swift */,
				34EDAEB02441487900234C64 /* KeyboardHeightPublisher.swift */,
				3410E15F25072F4900FC1ED5 /* decodesClass.swift */,
			);
			path = Classes;
			sourceTree = "<group>";
		};
		34A47FC32424C183008D5C98 /* Views */ = {
			isa = PBXGroup;
			children = (
				34B1374824D65C26005AF7CF /* aboutScreenView.swift */,
				349D8E12243981B200BC0CBB /* carryListiPadView.swift */,
				3405FBEE2505DEF4002472E7 /* EDCView.swift */,
				34EDAEA82441344100234C64 /* EDCReviewView.swift */,
				34A47FE02426FBE1008D5C98 /* inkDetails.swift */,
				3405FBF02505DF42002472E7 /* inkView.swift */,
				3440FF2924551C2900528D32 /* ManufacturersListView.swift */,
				34A47FC82424C1D3008D5C98 /* manufacturerView.swift */,
				34A47FEA242722BD008D5C98 /* myInkView.swift */,
				34EDAEB82443F27900234C64 /* myInkPhotosView.swift */,
				34D00F8324BAA1FC00D93F42 /* myNotepadView.swift */,
				34A47FE8242722AD008D5C98 /* myPenView.swift */,
				34EDAEB62442BDED00234C64 /* myPenImagesView.swift */,
				34D00F8124BAA06400D93F42 /* notepadDetailsView.swift */,
				3410E15B2505E25B00FC1ED5 /* notepadView.swift */,
				34A47FDE2426FBD1008D5C98 /* penDetails.swift */,
				349848DF244A9807004FC850 /* penDimensionView.swift */,
				34EDAEB22442A03B00234C64 /* PhotoImportView.swift */,
				34A47FE6242707C5008D5C98 /* pickerView.swift */,
				34EDAEAA244137CF00234C64 /* RatingView.swift */,
				3463D21C242ED07E005B5D45 /* selectInkView.swift */,
				34D00F8524BAA8E700D93F42 /* selectNotepadView.swift */,
				34A47FEC2427264D008D5C98 /* selectPenView.swift */,
				349848E1244BE7A2004FC850 /* toBuyView.swift */,
				3482AB8F244BEA7D00815EAE /* toBuyEditView.swift */,
				346E3C0924A6B33700034B2B /* PickerDateView.swift */,
			);
			path = Views;
			sourceTree = "<group>";
		};
/* End PBXGroup section */

/* Begin PBXNativeTarget section */
		346E12742424A8CE0077B04A /* PenList */ = {
			isa = PBXNativeTarget;
			buildConfigurationList = 346E128C2424A8D00077B04A /* Build configuration list for PBXNativeTarget "PenList" */;
			buildPhases = (
				346E12712424A8CE0077B04A /* Sources */,
				346E12722424A8CE0077B04A /* Frameworks */,
				346E12732424A8CE0077B04A /* Resources */,
			);
			buildRules = (
			);
			dependencies = (
			);
			name = PenList;
			productName = PenList;
			productReference = 346E12752424A8CE0077B04A /* PenList.app */;
			productType = "com.apple.product-type.application";
		};
/* End PBXNativeTarget section */

/* Begin PBXProject section */
		346E126D2424A8CE0077B04A /* Project object */ = {
			isa = PBXProject;
			attributes = {
				LastSwiftUpdateCheck = 1140;
				LastUpgradeCheck = 1200;
				ORGANIZATIONNAME = "Garry Eves";
				TargetAttributes = {
					346E12742424A8CE0077B04A = {
						CreatedOnToolsVersion = 11.4;
					};
				};
			};
			buildConfigurationList = 346E12702424A8CE0077B04A /* Build configuration list for PBXProject "PenList" */;
			compatibilityVersion = "Xcode 9.3";
			developmentRegion = en;
			hasScannedForEncodings = 0;
			knownRegions = (
				en,
				Base,
			);
			mainGroup = 346E126C2424A8CE0077B04A;
			productRefGroup = 346E12762424A8CE0077B04A /* Products */;
			projectDirPath = "";
			projectRoot = "";
			targets = (
				346E12742424A8CE0077B04A /* PenList */,
			);
		};
/* End PBXProject section */

/* Begin PBXResourcesBuildPhase section */
		346E12732424A8CE0077B04A /* Resources */ = {
			isa = PBXResourcesBuildPhase;
			buildActionMask = 2147483647;
			files = (
				346E12882424A8D00077B04A /* LaunchScreen.storyboard in Resources */,
				346E12852424A8D00077B04A /* Preview Assets.xcassets in Resources */,
				346E12822424A8D00077B04A /* Assets.xcassets in Resources */,
			);
			runOnlyForDeploymentPostprocessing = 0;
		};
/* End PBXResourcesBuildPhase section */

/* Begin PBXSourcesBuildPhase section */
		346E12712424A8CE0077B04A /* Sources */ = {
			isa = PBXSourcesBuildPhase;
			buildActionMask = 2147483647;
			files = (
				34EDAEB12441487900234C64 /* KeyboardHeightPublisher.swift in Sources */,
				34EDAEB72442BDED00234C64 /* myPenImagesView.swift in Sources */,
				349848E2244BE7A2004FC850 /* toBuyView.swift in Sources */,
				346E3C0A24A6B33700034B2B /* PickerDateView.swift in Sources */,
				34EDAEB52442AE5F00234C64 /* penImageClass.swift in Sources */,
				3405FBF12505DF42002472E7 /* inkView.swift in Sources */,
				346E12792424A8CF0077B04A /* AppDelegate.swift in Sources */,
				34A47FE12426FBE1008D5C98 /* inkDetails.swift in Sources */,
				3410E15E25072F2400FC1ED5 /* populateDatabase.swift in Sources */,
				3410E15C2505E25B00FC1ED5 /* notepadView.swift in Sources */,
				34A47FD72425951F008D5C98 /* penClass.swift in Sources */,
				34A47FBD2424B51C008D5C98 /* EvesCRMSharedFiles.swift in Sources */,
				34A47FB62424B40B008D5C98 /* CloudKitInteraction.swift in Sources */,
				34EDAEB92443F27900234C64 /* myInkPhotosView.swift in Sources */,
				34A47FCF242594DB008D5C98 /* myInkClass.swift in Sources */,
				34A47FC22424B5E5008D5C98 /* manufacturerClass.swift in Sources */,
				34EDAEA92441344100234C64 /* EDCReviewView.swift in Sources */,
				34A47FE32426FF9A008D5C98 /* mainWorkingVariables.swift in Sources */,
				34A47FBE2424B51C008D5C98 /* extensions.swift in Sources */,
				349848E0244A9807004FC850 /* penDimensionView.swift in Sources */,
				34EDAEAB244137CF00234C64 /* RatingView.swift in Sources */,
				34A47FDD24261CCD008D5C98 /* PenListShared.swift in Sources */,
				34D00F8224BAA06400D93F42 /* notepadDetailsView.swift in Sources */,
				34D00F8624BAA8E700D93F42 /* selectNotepadView.swift in Sources */,
				34A47FD924259535008D5C98 /* toBuyClass.swift in Sources */,
				349D8E13243981B200BC0CBB /* carryListiPadView.swift in Sources */,
				3482AB90244BEA7D00815EAE /* toBuyEditView.swift in Sources */,
				3440FF2A24551C2900528D32 /* ManufacturersListView.swift in Sources */,
				34A47FE7242707C5008D5C98 /* pickerView.swift in Sources */,
				34B1374924D65C26005AF7CF /* aboutScreenView.swift in Sources */,
				34A47FC02424B562008D5C98 /* ActivityViewController.swift in Sources */,
				346E127B2424A8CF0077B04A /* SceneDelegate.swift in Sources */,
				346E12802424A8CF0077B04A /* ContentView.swift in Sources */,
				34A47FD3242594FE008D5C98 /* myPenClass.swift in Sources */,
				34D00F7E24B959D800D93F42 /* notepadClass.swift in Sources */,
				34A47FEB242722BD008D5C98 /* myInkView.swift in Sources */,
				34A47FE9242722AD008D5C98 /* myPenView.swift in Sources */,
				3463D21D242ED07E005B5D45 /* selectInkView.swift in Sources */,
				34A47FC92424C1D3008D5C98 /* manufacturerView.swift in Sources */,
				34A47FED2427264D008D5C98 /* selectPenView.swift in Sources */,
				34A47FB92424B486008D5C98 /* UserInfo.swift in Sources */,
				34A47FDF2426FBD1008D5C98 /* penDetails.swift in Sources */,
				34A47FCB242594B3008D5C98 /* currentUseClass.swift in Sources */,
				3405FBEF2505DEF4002472E7 /* EDCView.swift in Sources */,
				3410E16025072F4A00FC1ED5 /* decodesClass.swift in Sources */,
				34D00F8024B95C6400D93F42 /* myNotePads.swift in Sources */,
				34D00F8424BAA1FC00D93F42 /* myNotepadView.swift in Sources */,
				34A47FCD242594CC008D5C98 /* inkClass.swift in Sources */,
				34EDAEB32442A03B00234C64 /* PhotoImportView.swift in Sources */,
				346E127E2424A8CF0077B04A /* PenList.xcdatamodeld in Sources */,
			);
			runOnlyForDeploymentPostprocessing = 0;
		};
/* End PBXSourcesBuildPhase section */

/* Begin PBXVariantGroup section */
		346E12862424A8D00077B04A /* LaunchScreen.storyboard */ = {
			isa = PBXVariantGroup;
			children = (
				346E12872424A8D00077B04A /* Base */,
			);
			name = LaunchScreen.storyboard;
			sourceTree = "<group>";
		};
/* End PBXVariantGroup section */

/* Begin XCBuildConfiguration section */
		346E128A2424A8D00077B04A /* Debug */ = {
			isa = XCBuildConfiguration;
			buildSettings = {
				ALWAYS_SEARCH_USER_PATHS = NO;
				CLANG_ANALYZER_NONNULL = YES;
				CLANG_ANALYZER_NUMBER_OBJECT_CONVERSION = YES_AGGRESSIVE;
				CLANG_CXX_LANGUAGE_STANDARD = "gnu++14";
				CLANG_CXX_LIBRARY = "libc++";
				CLANG_ENABLE_MODULES = YES;
				CLANG_ENABLE_OBJC_ARC = YES;
				CLANG_ENABLE_OBJC_WEAK = YES;
				CLANG_WARN_BLOCK_CAPTURE_AUTORELEASING = YES;
				CLANG_WARN_BOOL_CONVERSION = YES;
				CLANG_WARN_COMMA = YES;
				CLANG_WARN_CONSTANT_CONVERSION = YES;
				CLANG_WARN_DEPRECATED_OBJC_IMPLEMENTATIONS = YES;
				CLANG_WARN_DIRECT_OBJC_ISA_USAGE = YES_ERROR;
				CLANG_WARN_DOCUMENTATION_COMMENTS = YES;
				CLANG_WARN_EMPTY_BODY = YES;
				CLANG_WARN_ENUM_CONVERSION = YES;
				CLANG_WARN_INFINITE_RECURSION = YES;
				CLANG_WARN_INT_CONVERSION = YES;
				CLANG_WARN_NON_LITERAL_NULL_CONVERSION = YES;
				CLANG_WARN_OBJC_IMPLICIT_RETAIN_SELF = YES;
				CLANG_WARN_OBJC_LITERAL_CONVERSION = YES;
				CLANG_WARN_OBJC_ROOT_CLASS = YES_ERROR;
				CLANG_WARN_QUOTED_INCLUDE_IN_FRAMEWORK_HEADER = YES;
				CLANG_WARN_RANGE_LOOP_ANALYSIS = YES;
				CLANG_WARN_STRICT_PROTOTYPES = YES;
				CLANG_WARN_SUSPICIOUS_MOVE = YES;
				CLANG_WARN_UNGUARDED_AVAILABILITY = YES_AGGRESSIVE;
				CLANG_WARN_UNREACHABLE_CODE = YES;
				CLANG_WARN__DUPLICATE_METHOD_MATCH = YES;
				COPY_PHASE_STRIP = NO;
				DEBUG_INFORMATION_FORMAT = dwarf;
				ENABLE_STRICT_OBJC_MSGSEND = YES;
				ENABLE_TESTABILITY = YES;
				GCC_C_LANGUAGE_STANDARD = gnu11;
				GCC_DYNAMIC_NO_PIC = NO;
				GCC_NO_COMMON_BLOCKS = YES;
				GCC_OPTIMIZATION_LEVEL = 0;
				GCC_PREPROCESSOR_DEFINITIONS = (
					"DEBUG=1",
					"$(inherited)",
				);
				GCC_WARN_64_TO_32_BIT_CONVERSION = YES;
				GCC_WARN_ABOUT_RETURN_TYPE = YES_ERROR;
				GCC_WARN_UNDECLARED_SELECTOR = YES;
				GCC_WARN_UNINITIALIZED_AUTOS = YES_AGGRESSIVE;
				GCC_WARN_UNUSED_FUNCTION = YES;
				GCC_WARN_UNUSED_VARIABLE = YES;
				IPHONEOS_DEPLOYMENT_TARGET = 14.0;
				MTL_ENABLE_DEBUG_INFO = INCLUDE_SOURCE;
				MTL_FAST_MATH = YES;
				ONLY_ACTIVE_ARCH = YES;
				SDKROOT = iphoneos;
				SWIFT_ACTIVE_COMPILATION_CONDITIONS = DEBUG;
				SWIFT_OPTIMIZATION_LEVEL = "-Onone";
			};
			name = Debug;
		};
		346E128B2424A8D00077B04A /* Release */ = {
			isa = XCBuildConfiguration;
			buildSettings = {
				ALWAYS_SEARCH_USER_PATHS = NO;
				CLANG_ANALYZER_NONNULL = YES;
				CLANG_ANALYZER_NUMBER_OBJECT_CONVERSION = YES_AGGRESSIVE;
				CLANG_CXX_LANGUAGE_STANDARD = "gnu++14";
				CLANG_CXX_LIBRARY = "libc++";
				CLANG_ENABLE_MODULES = YES;
				CLANG_ENABLE_OBJC_ARC = YES;
				CLANG_ENABLE_OBJC_WEAK = YES;
				CLANG_WARN_BLOCK_CAPTURE_AUTORELEASING = YES;
				CLANG_WARN_BOOL_CONVERSION = YES;
				CLANG_WARN_COMMA = YES;
				CLANG_WARN_CONSTANT_CONVERSION = YES;
				CLANG_WARN_DEPRECATED_OBJC_IMPLEMENTATIONS = YES;
				CLANG_WARN_DIRECT_OBJC_ISA_USAGE = YES_ERROR;
				CLANG_WARN_DOCUMENTATION_COMMENTS = YES;
				CLANG_WARN_EMPTY_BODY = YES;
				CLANG_WARN_ENUM_CONVERSION = YES;
				CLANG_WARN_INFINITE_RECURSION = YES;
				CLANG_WARN_INT_CONVERSION = YES;
				CLANG_WARN_NON_LITERAL_NULL_CONVERSION = YES;
				CLANG_WARN_OBJC_IMPLICIT_RETAIN_SELF = YES;
				CLANG_WARN_OBJC_LITERAL_CONVERSION = YES;
				CLANG_WARN_OBJC_ROOT_CLASS = YES_ERROR;
				CLANG_WARN_QUOTED_INCLUDE_IN_FRAMEWORK_HEADER = YES;
				CLANG_WARN_RANGE_LOOP_ANALYSIS = YES;
				CLANG_WARN_STRICT_PROTOTYPES = YES;
				CLANG_WARN_SUSPICIOUS_MOVE = YES;
				CLANG_WARN_UNGUARDED_AVAILABILITY = YES_AGGRESSIVE;
				CLANG_WARN_UNREACHABLE_CODE = YES;
				CLANG_WARN__DUPLICATE_METHOD_MATCH = YES;
				COPY_PHASE_STRIP = NO;
				DEBUG_INFORMATION_FORMAT = "dwarf-with-dsym";
				ENABLE_NS_ASSERTIONS = NO;
				ENABLE_STRICT_OBJC_MSGSEND = YES;
				GCC_C_LANGUAGE_STANDARD = gnu11;
				GCC_NO_COMMON_BLOCKS = YES;
				GCC_WARN_64_TO_32_BIT_CONVERSION = YES;
				GCC_WARN_ABOUT_RETURN_TYPE = YES_ERROR;
				GCC_WARN_UNDECLARED_SELECTOR = YES;
				GCC_WARN_UNINITIALIZED_AUTOS = YES_AGGRESSIVE;
				GCC_WARN_UNUSED_FUNCTION = YES;
				GCC_WARN_UNUSED_VARIABLE = YES;
				IPHONEOS_DEPLOYMENT_TARGET = 14.0;
				MTL_ENABLE_DEBUG_INFO = NO;
				MTL_FAST_MATH = YES;
				SDKROOT = iphoneos;
				SWIFT_COMPILATION_MODE = wholemodule;
				SWIFT_OPTIMIZATION_LEVEL = "-O";
				VALIDATE_PRODUCT = YES;
			};
			name = Release;
		};
		346E128D2424A8D00077B04A /* Debug */ = {
			isa = XCBuildConfiguration;
			buildSettings = {
				ASSETCATALOG_COMPILER_APPICON_NAME = AppIcon;
				CODE_SIGN_ENTITLEMENTS = PenList/PenList.entitlements;
				CODE_SIGN_STYLE = Automatic;
				CURRENT_PROJECT_VERSION = 18;
				DEVELOPMENT_ASSET_PATHS = "\"PenList/Preview Content\"";
				DEVELOPMENT_TEAM = 76YDDNPU7W;
				ENABLE_PREVIEWS = YES;
				INFOPLIST_FILE = PenList/Info.plist;
				IPHONEOS_DEPLOYMENT_TARGET = 14.0;
				LD_RUNPATH_SEARCH_PATHS = (
					"$(inherited)",
					"@executable_path/Frameworks",
				);
				MARKETING_VERSION = 1.3;
				PRODUCT_BUNDLE_IDENTIFIER = com.garryeves.PenList;
				PRODUCT_NAME = "$(TARGET_NAME)";
				SUPPORTS_MACCATALYST = YES;
				SWIFT_VERSION = 5.0;
				TARGETED_DEVICE_FAMILY = "1,2,6";
			};
			name = Debug;
		};
		346E128E2424A8D00077B04A /* Release */ = {
			isa = XCBuildConfiguration;
			buildSettings = {
				ASSETCATALOG_COMPILER_APPICON_NAME = AppIcon;
				CODE_SIGN_ENTITLEMENTS = PenList/PenList.entitlements;
				CODE_SIGN_STYLE = Automatic;
				CURRENT_PROJECT_VERSION = 18;
				DEVELOPMENT_ASSET_PATHS = "\"PenList/Preview Content\"";
				DEVELOPMENT_TEAM = 76YDDNPU7W;
				ENABLE_PREVIEWS = YES;
				INFOPLIST_FILE = PenList/Info.plist;
				IPHONEOS_DEPLOYMENT_TARGET = 14.0;
				LD_RUNPATH_SEARCH_PATHS = (
					"$(inherited)",
					"@executable_path/Frameworks",
				);
				MARKETING_VERSION = 1.3;
				PRODUCT_BUNDLE_IDENTIFIER = com.garryeves.PenList;
				PRODUCT_NAME = "$(TARGET_NAME)";
				SUPPORTS_MACCATALYST = YES;
				SWIFT_VERSION = 5.0;
				TARGETED_DEVICE_FAMILY = "1,2,6";
			};
			name = Release;
		};
/* End XCBuildConfiguration section */

/* Begin XCConfigurationList section */
		346E12702424A8CE0077B04A /* Build configuration list for PBXProject "PenList" */ = {
			isa = XCConfigurationList;
			buildConfigurations = (
				346E128A2424A8D00077B04A /* Debug */,
				346E128B2424A8D00077B04A /* Release */,
			);
			defaultConfigurationIsVisible = 0;
			defaultConfigurationName = Release;
		};
		346E128C2424A8D00077B04A /* Build configuration list for PBXNativeTarget "PenList" */ = {
			isa = XCConfigurationList;
			buildConfigurations = (
				346E128D2424A8D00077B04A /* Debug */,
				346E128E2424A8D00077B04A /* Release */,
			);
			defaultConfigurationIsVisible = 0;
			defaultConfigurationName = Release;
		};
/* End XCConfigurationList section */

/* Begin XCVersionGroup section */
		346E127C2424A8CF0077B04A /* PenList.xcdatamodeld */ = {
			isa = XCVersionGroup;
			children = (
				346E127D2424A8CF0077B04A /* PenList.xcdatamodel */,
			);
			currentVersion = 346E127D2424A8CF0077B04A /* PenList.xcdatamodel */;
			path = PenList.xcdatamodeld;
			sourceTree = "<group>";
			versionGroupType = wrapper.xcdatamodel;
		};
/* End XCVersionGroup section */
	};
	rootObject = 346E126D2424A8CE0077B04A /* Project object */;
}
